Microsoft Visual Studio Solution File, Format Version 12.00
# Visual Studio Version 17
VisualStudioVersion = 17.0.31903.59
MinimumVisualStudioVersion = 10.0.40219.1
Project("{FAE04EC0-301F-11D3-BF4B-00C04F79EFBC}") = "OneTimeShare.Web", "src\OneTimeShare.Web\OneTimeShare.Web.csproj", "{2C8B5F6E-1234-4567-8901-123456789ABC}"
EndProject
Project("{FAE04EC0-301F-11D3-BF4B-00C04F79EFBC}") = "OneTimeShare.Tests", "src\OneTimeShare.Tests\OneTimeShare.Tests.csproj", "{ADD33812-81F9-66A5-BB89-3DB493579A28}"
EndProject
Global
	GlobalSection(SolutionConfigurationPlatforms) = preSolution
		Debug|Any CPU = Debug|Any CPU
		Release|Any CPU = Release|Any CPU
	EndGlobalSection
	GlobalSection(ProjectConfigurationPlatforms) = postSolution
		{2C8B5F6E-1234-4567-8901-123456789ABC}.Debug|Any CPU.ActiveCfg = Debug|Any CPU
		{2C8B5F6E-1234-4567-8901-123456789ABC}.Debug|Any CPU.Build.0 = Debug|Any CPU
		{2C8B5F6E-1234-4567-8901-123456789ABC}.Release|Any CPU.ActiveCfg = Release|Any CPU
		{2C8B5F6E-1234-4567-8901-123456789ABC}.Release|Any CPU.Build.0 = Release|Any CPU
		{ADD33812-81F9-66A5-BB89-3DB493579A28}.Debug|Any CPU.ActiveCfg = Debug|Any CPU
		{ADD33812-81F9-66A5-BB89-3DB493579A28}.Debug|Any CPU.Build.0 = Debug|Any CPU
		{ADD33812-81F9-66A5-BB89-3DB493579A28}.Release|Any CPU.ActiveCfg = Release|Any CPU
		{ADD33812-81F9-66A5-BB89-3DB493579A28}.Release|Any CPU.Build.0 = Release|Any CPU
	EndGlobalSection
	GlobalSection(SolutionProperties) = preSolution
		HideSolutionNode = FALSE
	EndGlobalSection
	GlobalSection(ExtensibilityGlobals) = postSolution
		SolutionGuid = {D2DD7CC9-1A25-4227-9385-E3426D7A1272}
	EndGlobalSection
EndGlobal
